
Microsoft Visual Studio Solution File, Format Version 12.00
# Visual Studio Version 17
VisualStudioVersion = 17.4.33205.214
MinimumVisualStudioVersion = 10.0.40219.1
Project("{FAE04EC0-301F-11D3-BF4B-00C04F79EFBC}") = "CMS_Update_Audit_Controls", "CMS_Update_Audit_Controls.csproj", "{4D15F4D0-C307-465C-A1B9-3BABCE8B7BEB}"
EndProject
Global
	GlobalSection(SolutionConfigurationPlatforms) = preSolution
		Debug|Any CPU = Debug|Any CPU
		Release|Any CPU = Release|Any CPU
	EndGlobalSection
	GlobalSection(ProjectConfigurationPlatforms) = postSolution
		{4D15F4D0-C307-465C-A1B9-3BABCE8B7BEB}.Debug|Any CPU.ActiveCfg = Debug|Any CPU
		{4D15F4D0-C307-465C-A1B9-3BABCE8B7BEB}.Debug|Any CPU.Build.0 = Debug|Any CPU
		{4D15F4D0-C307-465C-A1B9-3BABCE8B7BEB}.Release|Any CPU.ActiveCfg = Release|Any CPU
		{4D15F4D0-C307-465C-A1B9-3BABCE8B7BEB}.Release|Any CPU.Build.0 = Release|Any CPU
	EndGlobalSection
	GlobalSection(SolutionProperties) = preSolution
		HideSolutionNode = FALSE
	EndGlobalSection
	GlobalSection(ExtensibilityGlobals) = postSolution
		SolutionGuid = {DE788262-B8F4-496A-BA68-AA1E2E5A549E}
	EndGlobalSection
EndGlobal
