
Microsoft Visual Studio Solution File, Format Version 12.00
# Visual Studio Version 17
VisualStudioVersion = 17.3.32804.467
MinimumVisualStudioVersion = 10.0.40219.1
Project("{FAE04EC0-301F-11D3-BF4B-00C04F79EFBC}") = "CMS_Audit_Import", "CMS_Audit_Import.csproj", "{96CAB742-9488-4FF8-9951-3188E9C75A70}"
EndProject
Global
	GlobalSection(SolutionConfigurationPlatforms) = preSolution
		Debug|Any CPU = Debug|Any CPU
		Release|Any CPU = Release|Any CPU
	EndGlobalSection
	GlobalSection(ProjectConfigurationPlatforms) = postSolution
		{96CAB742-9488-4FF8-9951-3188E9C75A70}.Debug|Any CPU.ActiveCfg = Debug|Any CPU
		{96CAB742-9488-4FF8-9951-3188E9C75A70}.Debug|Any CPU.Build.0 = Debug|Any CPU
		{96CAB742-9488-4FF8-9951-3188E9C75A70}.Release|Any CPU.ActiveCfg = Release|Any CPU
		{96CAB742-9488-4FF8-9951-3188E9C75A70}.Release|Any CPU.Build.0 = Release|Any CPU
	EndGlobalSection
	GlobalSection(SolutionProperties) = preSolution
		HideSolutionNode = FALSE
	EndGlobalSection
	GlobalSection(ExtensibilityGlobals) = postSolution
		SolutionGuid = {65FE6640-09FA-46D8-B56F-009B39C32401}
	EndGlobalSection
EndGlobal
