
Microsoft Visual Studio Solution File, Format Version 12.00
# Visual Studio Version 17
VisualStudioVersion = 17.4.33205.214
MinimumVisualStudioVersion = 10.0.40219.1
Project("{FAE04EC0-301F-11D3-BF4B-00C04F79EFBC}") = "CMS_Agency_Addendum", "CMS_Agency_Addendum.csproj", "{26A20EA8-D05A-40BF-ADCE-ACC8167DBE76}"
EndProject
Global
	GlobalSection(SolutionConfigurationPlatforms) = preSolution
		Debug|Any CPU = Debug|Any CPU
		Release|Any CPU = Release|Any CPU
	EndGlobalSection
	GlobalSection(ProjectConfigurationPlatforms) = postSolution
		{26A20EA8-D05A-40BF-ADCE-ACC8167DBE76}.Debug|Any CPU.ActiveCfg = Debug|Any CPU
		{26A20EA8-D05A-40BF-ADCE-ACC8167DBE76}.Debug|Any CPU.Build.0 = Debug|Any CPU
		{26A20EA8-D05A-40BF-ADCE-ACC8167DBE76}.Release|Any CPU.ActiveCfg = Release|Any CPU
		{26A20EA8-D05A-40BF-ADCE-ACC8167DBE76}.Release|Any CPU.Build.0 = Release|Any CPU
	EndGlobalSection
	GlobalSection(SolutionProperties) = preSolution
		HideSolutionNode = FALSE
	EndGlobalSection
	GlobalSection(ExtensibilityGlobals) = postSolution
		SolutionGuid = {352222CD-16D7-45AA-9D4B-1B0C940DA10F}
	EndGlobalSection
EndGlobal
